
Microsoft Visual Studio Solution File, Format Version 12.00
# Visual Studio Version 17
VisualStudioVersion = 17.14.36811.4 d17.14
MinimumVisualStudioVersion = 10.0.40219.1
Project("{FAE04EC0-301F-11D3-BF4B-00C04F79EFBC}") = "StajKariyerWeb", "StajKariyerWeb\StajKariyerWeb.csproj", "{B52C8223-D9AA-49F4-AB9B-218A269CD341}"
EndProject
Global
	GlobalSection(SolutionConfigurationPlatforms) = preSolution
		Debug|Any CPU = Debug|Any CPU
		Release|Any CPU = Release|Any CPU
	EndGlobalSection
	GlobalSection(ProjectConfigurationPlatforms) = postSolution
		{B52C8223-D9AA-49F4-AB9B-218A269CD341}.Debug|Any CPU.ActiveCfg = Debug|Any CPU
		{B52C8223-D9AA-49F4-AB9B-218A269CD341}.Debug|Any CPU.Build.0 = Debug|Any CPU
		{B52C8223-D9AA-49F4-AB9B-218A269CD341}.Release|Any CPU.ActiveCfg = Release|Any CPU
		{B52C8223-D9AA-49F4-AB9B-218A269CD341}.Release|Any CPU.Build.0 = Release|Any CPU
	EndGlobalSection
	GlobalSection(SolutionProperties) = preSolution
		HideSolutionNode = FALSE
	EndGlobalSection
	GlobalSection(ExtensibilityGlobals) = postSolution
		SolutionGuid = {6BE9855F-D400-4C92-9C43-0332B9ADF817}
	EndGlobalSection
EndGlobal
